
Microsoft Visual Studio Solution File, Format Version 12.00
# Visual Studio 15
VisualStudioVersion = 15.0.27130.2027
MinimumVisualStudioVersion = 10.0.40219.1
Project("{FAE04EC0-301F-11D3-BF4B-00C04F79EFBC}") = "Musiction.API", "Musiction.API\Musiction.API.csproj", "{656605A6-0FA8-42E6-A49A-9B6E1710B8C2}"
EndProject
Global
	GlobalSection(SolutionConfigurationPlatforms) = preSolution
		Debug|Any CPU = Debug|Any CPU
		Release|Any CPU = Release|Any CPU
	EndGlobalSection
	GlobalSection(ProjectConfigurationPlatforms) = postSolution
		{656605A6-0FA8-42E6-A49A-9B6E1710B8C2}.Debug|Any CPU.ActiveCfg = Debug|Any CPU
		{656605A6-0FA8-42E6-A49A-9B6E1710B8C2}.Debug|Any CPU.Build.0 = Debug|Any CPU
		{656605A6-0FA8-42E6-A49A-9B6E1710B8C2}.Release|Any CPU.ActiveCfg = Release|Any CPU
		{656605A6-0FA8-42E6-A49A-9B6E1710B8C2}.Release|Any CPU.Build.0 = Release|Any CPU
	EndGlobalSection
	GlobalSection(SolutionProperties) = preSolution
		HideSolutionNode = FALSE
	EndGlobalSection
	GlobalSection(ExtensibilityGlobals) = postSolution
		SolutionGuid = {FDDA39E7-CF6F-4E3A-AB5D-DFBAAFA7E6BC}
	EndGlobalSection
EndGlobal
